
Microsoft Visual Studio Solution File, Format Version 12.00
# Visual Studio 15
VisualStudioVersion = 15.0.27428.2002
MinimumVisualStudioVersion = 10.0.40219.1
Project("{FAE04EC0-301F-11D3-BF4B-00C04F79EFBC}") = "AngularJS", "AngularJS\AngularJS.csproj", "{6624C0B1-4C3E-4E09-B155-3B0B995A199C}"
EndProject
Global
	GlobalSection(SolutionConfigurationPlatforms) = preSolution
		Debug|Any CPU = Debug|Any CPU
		Release|Any CPU = Release|Any CPU
	EndGlobalSection
	GlobalSection(ProjectConfigurationPlatforms) = postSolution
		{6624C0B1-4C3E-4E09-B155-3B0B995A199C}.Debug|Any CPU.ActiveCfg = Debug|Any CPU
		{6624C0B1-4C3E-4E09-B155-3B0B995A199C}.Debug|Any CPU.Build.0 = Debug|Any CPU
		{6624C0B1-4C3E-4E09-B155-3B0B995A199C}.Release|Any CPU.ActiveCfg = Release|Any CPU
		{6624C0B1-4C3E-4E09-B155-3B0B995A199C}.Release|Any CPU.Build.0 = Release|Any CPU
	EndGlobalSection
	GlobalSection(SolutionProperties) = preSolution
		HideSolutionNode = FALSE
	EndGlobalSection
	GlobalSection(ExtensibilityGlobals) = postSolution
		SolutionGuid = {EF8B7923-A2BD-4F41-95DD-796A570BDAA4}
	EndGlobalSection
EndGlobal
